{
  "name": "algorythm-training",
  "version": "1.0.0",
  "lockfileVersion": 3,
  "requires": true,
  "packages": {
    "": {
      "name": "algorythm-training",
      "version": "1.0.0",
      "license": "ISC",
      "devDependencies": {
        "typescript": "^5.5.4"
      }
    },
    "node_modules/typescript": {
      "version": "5.5.4",
      "resolved": "https://pkgs.dev.azure.com/3Shape/_packaging/ThreeShape-PreRelease/npm/registry/typescript/-/typescript-5.5.4.tgz",
      "integrity": "sha1-2YUtbIK60tLtpP10pXYqj1kJ6bo=",
      "dev": true,
      "bin": {
        "tsc": "bin/tsc",
        "tsserver": "bin/tsserver"
      },
      "engines": {
        "node": ">=14.17"
      }
    }
  }
}
